
Microsoft Visual Studio Solution File, Format Version 12.00
# Visual Studio 15
VisualStudioVersion = 15.0.28010.2019
MinimumVisualStudioVersion = 10.0.40219.1
Project("{FAE04EC0-301F-11D3-BF4B-00C04F79EFBC}") = "SehirRehberi.API", "SehirRehberi.API\SehirRehberi.API.csproj", "{E53FF485-FFE4-4008-B342-F410AD246D10}"
EndProject
Global
	GlobalSection(SolutionConfigurationPlatforms) = preSolution
		Debug|Any CPU = Debug|Any CPU
		Release|Any CPU = Release|Any CPU
	EndGlobalSection
	GlobalSection(ProjectConfigurationPlatforms) = postSolution
		{E53FF485-FFE4-4008-B342-F410AD246D10}.Debug|Any CPU.ActiveCfg = Debug|Any CPU
		{E53FF485-FFE4-4008-B342-F410AD246D10}.Debug|Any CPU.Build.0 = Debug|Any CPU
		{E53FF485-FFE4-4008-B342-F410AD246D10}.Release|Any CPU.ActiveCfg = Release|Any CPU
		{E53FF485-FFE4-4008-B342-F410AD246D10}.Release|Any CPU.Build.0 = Release|Any CPU
	EndGlobalSection
	GlobalSection(SolutionProperties) = preSolution
		HideSolutionNode = FALSE
	EndGlobalSection
	GlobalSection(ExtensibilityGlobals) = postSolution
		SolutionGuid = {2399C070-24ED-436E-B74B-853BE3115C79}
	EndGlobalSection
EndGlobal
